# This file is automatically @generated by Wally.
# It is not intended for manual editing.
registry = "test"

[[package]]
name = "lm-loleris/profilestore"
version = "1.0.3"
dependencies = []

[[package]]
name = "vorp-git/bank"
version = "0.4.0"
dependencies = [["ProfileStore", "lm-loleris/profilestore@1.0.3"]]
